
Microsoft Visual Studio Solution File, Format Version 12.00
# Visual Studio 15
VisualStudioVersion = 15.0.26730.15
MinimumVisualStudioVersion = 10.0.40219.1
Project("{FAE04EC0-301F-11D3-BF4B-00C04F79EFBC}") = "Assignment10.1", "Assignment10-1\Assignment10.1.csproj", "{55233560-2F3D-4BD0-9693-7E5FA64B0D12}"
EndProject
Global
	GlobalSection(SolutionConfigurationPlatforms) = preSolution
		Debug|Any CPU = Debug|Any CPU
		Release|Any CPU = Release|Any CPU
	EndGlobalSection
	GlobalSection(ProjectConfigurationPlatforms) = postSolution
		{55233560-2F3D-4BD0-9693-7E5FA64B0D12}.Debug|Any CPU.ActiveCfg = Debug|Any CPU
		{55233560-2F3D-4BD0-9693-7E5FA64B0D12}.Debug|Any CPU.Build.0 = Debug|Any CPU
		{55233560-2F3D-4BD0-9693-7E5FA64B0D12}.Release|Any CPU.ActiveCfg = Release|Any CPU
		{55233560-2F3D-4BD0-9693-7E5FA64B0D12}.Release|Any CPU.Build.0 = Release|Any CPU
	EndGlobalSection
	GlobalSection(SolutionProperties) = preSolution
		HideSolutionNode = FALSE
	EndGlobalSection
	GlobalSection(ExtensibilityGlobals) = postSolution
		SolutionGuid = {B5FA775D-885E-4C34-8505-4FE8E6EC8F58}
	EndGlobalSection
EndGlobal
